// !$*UTF8*$!
{
	archiveVersion = 1;
	classes = {
	};
	objectVersion = 56;
	objects = {

/* Begin PBXBuildFile section */
		BD44F0AC2A851D09007CC197 /* PracticeApp.swift in Sources */ = {isa = PBXBuildFile; fileRef = BD44F0AB2A851D09007CC197 /* PracticeApp.swift */; };
		BD44F0AE2A851D09007CC197 /* ContentView.swift in Sources */ = {isa = PBXBuildFile; fileRef = BD44F0AD2A851D09007CC197 /* ContentView.swift */; };
		BD44F0B02A851D0A007CC197 /* Assets.xcassets in Resources */ = {isa = PBXBuildFile; fileRef = BD44F0AF2A851D0A007CC197 /* Assets.xcassets */; };
		BD44F0B32A851D0A007CC197 /* Preview Assets.xcassets in Resources */ = {isa = PBXBuildFile; fileRef = BD44F0B22A851D0A007CC197 /* Preview Assets.xcassets */; };
		BD44F0BD2A851D0A007CC197 /* PracticeTests.swift in Sources */ = {isa = PBXBuildFile; fileRef = BD44F0BC2A851D0A007CC197 /* PracticeTests.swift */; };
		BD44F0C72A851D0A007CC197 /* PracticeUITests.swift in Sources */ = {isa = PBXBuildFile; fileRef = BD44F0C62A851D0A007CC197 /* PracticeUITests.swift */; };
		BD44F0C92A851D0A007CC197 /* PracticeUITestsLaunchTests.swift in Sources */ = {isa = PBXBuildFile; fileRef = BD44F0C82A851D0A007CC197 /* PracticeUITestsLaunchTests.swift */; };
/* End PBXBuildFile section */

/* Begin PBXContainerItemProxy section */
		BD44F0B92A851D0A007CC197 /* PBXContainerItemProxy */ = {
			isa = PBXContainerItemProxy;
			containerPortal = BD44F0A02A851D09007CC197 /* Project object */;
			proxyType = 1;
			remoteGlobalIDString = BD44F0A72A851D09007CC197;
			remoteInfo = Practice;
		};
		BD44F0C32A851D0A007CC197 /* PBXContainerItemProxy */ = {
			isa = PBXContainerItemProxy;
			containerPortal = BD44F0A02A851D09007CC197 /* Project object */;
			proxyType = 1;
			remoteGlobalIDString = BD44F0A72A851D09007CC197;
			remoteInfo = Practice;
		};
/* End PBXContainerItemProxy section */

/* Begin PBXFileReference section */
		BD44F0A82A851D09007CC197 /* Practice.app */ = {isa = PBXFileReference; explicitFileType = wrapper.application; includeInIndex = 0; path = Practice.app; sourceTree = BUILT_PRODUCTS_DIR; };
		BD44F0AB2A851D09007CC197 /* PracticeApp.swift */ = {isa = PBXFileReference; lastKnownFileType = sourcecode.swift; path = PracticeApp.swift; sourceTree = "<group>"; };
		BD44F0AD2A851D09007CC197 /* ContentView.swift */ = {isa = PBXFileReference; lastKnownFileType = sourcecode.swift; path = ContentView.swift; sourceTree = "<group>"; };
		BD44F0AF2A851D0A007CC197 /* Assets.xcassets */ = {isa = PBXFileReference; lastKnownFileType = folder.assetcatalog; path = Assets.xcassets; sourceTree = "<group>"; };
		BD44F0B22A851D0A007CC197 /* Preview Assets.xcassets */ = {isa = PBXFileReference; lastKnownFileType = folder.assetcatalog; path = "Preview Assets.xcassets"; sourceTree = "<group>"; };
		BD44F0B82A851D0A007CC197 /* PracticeTests.xctest */ = {isa = PBXFileReference; explicitFileType = wrapper.cfbundle; includeInIndex = 0; path = PracticeTests.xctest; sourceTree = BUILT_PRODUCTS_DIR; };
		BD44F0BC2A851D0A007CC197 /* PracticeTests.swift */ = {isa = PBXFileReference; lastKnownFileType = sourcecode.swift; path = PracticeTests.swift; sourceTree = "<group>"; };
		BD44F0C22A851D0A007CC197 /* PracticeUITests.xctest */ = {isa = PBXFileReference; explicitFileType = wrapper.cfbundle; includeInIndex = 0; path = PracticeUITests.xctest; sourceTree = BUILT_PRODUCTS_DIR; };
		BD44F0C62A851D0A007CC197 /* PracticeUITests.swift */ = {isa = PBXFileReference; lastKnownFileType = sourcecode.swift; path = PracticeUITests.swift; sourceTree = "<group>"; };
		BD44F0C82A851D0A007CC197 /* PracticeUITestsLaunchTests.swift */ = {isa = PBXFileReference; lastKnownFileType = sourcecode.swift; path = PracticeUITestsLaunchTests.swift; sourceTree = "<group>"; };
/* End PBXFileReference section */

/* Begin PBXFrameworksBuildPhase section */
		BD44F0A52A851D09007CC197 /* Frameworks */ = {
			isa = PBXFrameworksBuildPhase;
			buildActionMask = 2147483647;
			files = (
			);
			runOnlyForDeploymentPostprocessing = 0;
		};
		BD44F0B52A851D0A007CC197 /* Frameworks */ = {
			isa = PBXFrameworksBuildPhase;
			buildActionMask = 2147483647;
			files = (
			);
			runOnlyForDeploymentPostprocessing = 0;
		};
		BD44F0BF2A851D0A007CC197 /* Frameworks */ = {
			isa = PBXFrameworksBuildPhase;
			buildActionMask = 2147483647;
			files = (
			);
			runOnlyForDeploymentPostprocessing = 0;
		};
/* End PBXFrameworksBuildPhase section */

/* Begin PBXGroup section */
		BD44F09F2A851D09007CC197 = {
			isa = PBXGroup;
			children = (
				BD44F0AA2A851D09007CC197 /* Practice */,
				BD44F0BB2A851D0A007CC197 /* PracticeTests */,
				BD44F0C52A851D0A007CC197 /* PracticeUITests */,
				BD44F0A92A851D09007CC197 /* Products */,
			);
			sourceTree = "<group>";
		};
		BD44F0A92A851D09007CC197 /* Products */ = {
			isa = PBXGroup;
			children = (
				BD44F0A82A851D09007CC197 /* Practice.app */,
				BD44F0B82A851D0A007CC197 /* PracticeTests.xctest */,
				BD44F0C22A851D0A007CC197 /* PracticeUITests.xctest */,
			);
			name = Products;
			sourceTree = "<group>";
		};
		BD44F0AA2A851D09007CC197 /* Practice */ = {
			isa = PBXGroup;
			children = (
				BD44F0AB2A851D09007CC197 /* PracticeApp.swift */,
				BD44F0AD2A851D09007CC197 /* ContentView.swift */,
				BD44F0AF2A851D0A007CC197 /* Assets.xcassets */,
				BD44F0B12A851D0A007CC197 /* Preview Content */,
			);
			path = Practice;
			sourceTree = "<group>";
		};
		BD44F0B12A851D0A007CC197 /* Preview Content */ = {
			isa = PBXGroup;
			children = (
				BD44F0B22A851D0A007CC197 /* Preview Assets.xcassets */,
			);
			path = "Preview Content";
			sourceTree = "<group>";
		};
		BD44F0BB2A851D0A007CC197 /* PracticeTests */ = {
			isa = PBXGroup;
			children = (
				BD44F0BC2A851D0A007CC197 /* PracticeTests.swift */,
			);
			path = PracticeTests;
			sourceTree = "<group>";
		};
		BD44F0C52A851D0A007CC197 /* PracticeUITests */ = {
			isa = PBXGroup;
			children = (
				BD44F0C62A851D0A007CC197 /* PracticeUITests.swift */,
				BD44F0C82A851D0A007CC197 /* PracticeUITestsLaunchTests.swift */,
			);
			path = PracticeUITests;
			sourceTree = "<group>";
		};
/* End PBXGroup section */

/* Begin PBXNativeTarget section */
		BD44F0A72A851D09007CC197 /* Practice */ = {
			isa = PBXNativeTarget;
			buildConfigurationList = BD44F0CC2A851D0A007CC197 /* Build configuration list for PBXNativeTarget "Practice" */;
			buildPhases = (
				BD44F0A42A851D09007CC197 /* Sources */,
				BD44F0A52A851D09007CC197 /* Frameworks */,
				BD44F0A62A851D09007CC197 /* Resources */,
			);
			buildRules = (
			);
			dependencies = (
			);
			name = Practice;
			productName = Practice;
			productReference = BD44F0A82A851D09007CC197 /* Practice.app */;
			productType = "com.apple.product-type.application";
		};
		BD44F0B72A851D0A007CC197 /* PracticeTests */ = {
			isa = PBXNativeTarget;
			buildConfigurationList = BD44F0CF2A851D0A007CC197 /* Build configuration list for PBXNativeTarget "PracticeTests" */;
			buildPhases = (
				BD44F0B42A851D0A007CC197 /* Sources */,
				BD44F0B52A851D0A007CC197 /* Frameworks */,
				BD44F0B62A851D0A007CC197 /* Resources */,
			);
			buildRules = (
			);
			dependencies = (
				BD44F0BA2A851D0A007CC197 /* PBXTargetDependency */,
			);
			name = PracticeTests;
			productName = PracticeTests;
			productReference = BD44F0B82A851D0A007CC197 /* PracticeTests.xctest */;
			productType = "com.apple.product-type.bundle.unit-test";
		};
		BD44F0C12A851D0A007CC197 /* PracticeUITests */ = {
			isa = PBXNativeTarget;
			buildConfigurationList = BD44F0D22A851D0A007CC197 /* Build configuration list for PBXNativeTarget "PracticeUITests" */;
			buildPhases = (
				BD44F0BE2A851D0A007CC197 /* Sources */,
				BD44F0BF2A851D0A007CC197 /* Frameworks */,
				BD44F0C02A851D0A007CC197 /* Resources */,
			);
			buildRules = (
			);
			dependencies = (
				BD44F0C42A851D0A007CC197 /* PBXTargetDependency */,
			);
			name = PracticeUITests;
			productName = PracticeUITests;
			productReference = BD44F0C22A851D0A007CC197 /* PracticeUITests.xctest */;
			productType = "com.apple.product-type.bundle.ui-testing";
		};
/* End PBXNativeTarget section */

/* Begin PBXProject section */
		BD44F0A02A851D09007CC197 /* Project object */ = {
			isa = PBXProject;
			attributes = {
				BuildIndependentTargetsInParallel = 1;
				LastSwiftUpdateCheck = 1430;
				LastUpgradeCheck = 1430;
				TargetAttributes = {
					BD44F0A72A851D09007CC197 = {
						CreatedOnToolsVersion = 14.3.1;
					};
					BD44F0B72A851D0A007CC197 = {
						CreatedOnToolsVersion = 14.3.1;
						TestTargetID = BD44F0A72A851D09007CC197;
					};
					BD44F0C12A851D0A007CC197 = {
						CreatedOnToolsVersion = 14.3.1;
						TestTargetID = BD44F0A72A851D09007CC197;
					};
				};
			};
			buildConfigurationList = BD44F0A32A851D09007CC197 /* Build configuration list for PBXProject "Practice" */;
			compatibilityVersion = "Xcode 14.0";
			developmentRegion = en;
			hasScannedForEncodings = 0;
			knownRegions = (
				en,
				Base,
			);
			mainGroup = BD44F09F2A851D09007CC197;
			productRefGroup = BD44F0A92A851D09007CC197 /* Products */;
			projectDirPath = "";
			projectRoot = "";
			targets = (
				BD44F0A72A851D09007CC197 /* Practice */,
				BD44F0B72A851D0A007CC197 /* PracticeTests */,
				BD44F0C12A851D0A007CC197 /* PracticeUITests */,
			);
		};
/* End PBXProject section */

/* Begin PBXResourcesBuildPhase section */
		BD44F0A62A851D09007CC197 /* Resources */ = {
			isa = PBXResourcesBuildPhase;
			buildActionMask = 2147483647;
			files = (
				BD44F0B32A851D0A007CC197 /* Preview Assets.xcassets in Resources */,
				BD44F0B02A851D0A007CC197 /* Assets.xcassets in Resources */,
			);
			runOnlyForDeploymentPostprocessing = 0;
		};
		BD44F0B62A851D0A007CC197 /* Resources */ = {
			isa = PBXResourcesBuildPhase;
			buildActionMask = 2147483647;
			files = (
			);
			runOnlyForDeploymentPostprocessing = 0;
		};
		BD44F0C02A851D0A007CC197 /* Resources */ = {
			isa = PBXResourcesBuildPhase;
			buildActionMask = 2147483647;
			files = (
			);
			runOnlyForDeploymentPostprocessing = 0;
		};
/* End PBXResourcesBuildPhase section */

/* Begin PBXSourcesBuildPhase section */
		BD44F0A42A851D09007CC197 /* Sources */ = {
			isa = PBXSourcesBuildPhase;
			buildActionMask = 2147483647;
			files = (
				BD44F0AE2A851D09007CC197 /* ContentView.swift in Sources */,
				BD44F0AC2A851D09007CC197 /* PracticeApp.swift in Sources */,
			);
			runOnlyForDeploymentPostprocessing = 0;
		};
		BD44F0B42A851D0A007CC197 /* Sources */ = {
			isa = PBXSourcesBuildPhase;
			buildActionMask = 2147483647;
			files = (
				BD44F0BD2A851D0A007CC197 /* PracticeTests.swift in Sources */,
			);
			runOnlyForDeploymentPostprocessing = 0;
		};
		BD44F0BE2A851D0A007CC197 /* Sources */ = {
			isa = PBXSourcesBuildPhase;
			buildActionMask = 2147483647;
			files = (
				BD44F0C92A851D0A007CC197 /* PracticeUITestsLaunchTests.swift in Sources */,
				BD44F0C72A851D0A007CC197 /* PracticeUITests.swift in Sources */,
			);
			runOnlyForDeploymentPostprocessing = 0;
		};
/* End PBXSourcesBuildPhase section */

/* Begin PBXTargetDependency section */
		BD44F0BA2A851D0A007CC197 /* PBXTargetDependency */ = {
			isa = PBXTargetDependency;
			target = BD44F0A72A851D09007CC197 /* Practice */;
			targetProxy = BD44F0B92A851D0A007CC197 /* PBXContainerItemProxy */;
		};
		BD44F0C42A851D0A007CC197 /* PBXTargetDependency */ = {
			isa = PBXTargetDependency;
			target = BD44F0A72A851D09007CC197 /* Practice */;
			targetProxy = BD44F0C32A851D0A007CC197 /* PBXContainerItemProxy */;
		};
/* End PBXTargetDependency section */

/* Begin XCBuildConfiguration section */
		BD44F0CA2A851D0A007CC197 /* Debug */ = {
			isa = XCBuildConfiguration;
			buildSettings = {
				ALWAYS_SEARCH_USER_PATHS = NO;
				CLANG_ANALYZER_NONNULL = YES;
				CLANG_ANALYZER_NUMBER_OBJECT_CONVERSION = YES_AGGRESSIVE;
				CLANG_CXX_LANGUAGE_STANDARD = "gnu++20";
				CLANG_ENABLE_MODULES = YES;
				CLANG_ENABLE_OBJC_ARC = YES;
				CLANG_ENABLE_OBJC_WEAK = YES;
				CLANG_WARN_BLOCK_CAPTURE_AUTORELEASING = YES;
				CLANG_WARN_BOOL_CONVERSION = YES;
				CLANG_WARN_COMMA = YES;
				CLANG_WARN_CONSTANT_CONVERSION = YES;
				CLANG_WARN_DEPRECATED_OBJC_IMPLEMENTATIONS = YES;
				CLANG_WARN_DIRECT_OBJC_ISA_USAGE = YES_ERROR;
				CLANG_WARN_DOCUMENTATION_COMMENTS = YES;
				CLANG_WARN_EMPTY_BODY = YES;
				CLANG_WARN_ENUM_CONVERSION = YES;
				CLANG_WARN_INFINITE_RECURSION = YES;
				CLANG_WARN_INT_CONVERSION = YES;
				CLANG_WARN_NON_LITERAL_NULL_CONVERSION = YES;
				CLANG_WARN_OBJC_IMPLICIT_RETAIN_SELF = YES;
				CLANG_WARN_OBJC_LITERAL_CONVERSION = YES;
				CLANG_WARN_OBJC_ROOT_CLASS = YES_ERROR;
				CLANG_WARN_QUOTED_INCLUDE_IN_FRAMEWORK_HEADER = YES;
				CLANG_WARN_RANGE_LOOP_ANALYSIS = YES;
				CLANG_WARN_STRICT_PROTOTYPES = YES;
				CLANG_WARN_SUSPICIOUS_MOVE = YES;
				CLANG_WARN_UNGUARDED_AVAILABILITY = YES_AGGRESSIVE;
				CLANG_WARN_UNREACHABLE_CODE = YES;
				CLANG_WARN__DUPLICATE_METHOD_MATCH = YES;
				COPY_PHASE_STRIP = NO;
				DEBUG_INFORMATION_FORMAT = dwarf;
				ENABLE_STRICT_OBJC_MSGSEND = YES;
				ENABLE_TESTABILITY = YES;
				GCC_C_LANGUAGE_STANDARD = gnu11;
				GCC_DYNAMIC_NO_PIC = NO;
				GCC_NO_COMMON_BLOCKS = YES;
				GCC_OPTIMIZATION_LEVEL = 0;
				GCC_PREPROCESSOR_DEFINITIONS = (
					"DEBUG=1",
					"$(inherited)",
				);
				GCC_WARN_64_TO_32_BIT_CONVERSION = YES;
				GCC_WARN_ABOUT_RETURN_TYPE = YES_ERROR;
				GCC_WARN_UNDECLARED_SELECTOR = YES;
				GCC_WARN_UNINITIALIZED_AUTOS = YES_AGGRESSIVE;
				GCC_WARN_UNUSED_FUNCTION = YES;
				GCC_WARN_UNUSED_VARIABLE = YES;
				IPHONEOS_DEPLOYMENT_TARGET = 16.4;
				MTL_ENABLE_DEBUG_INFO = INCLUDE_SOURCE;
				MTL_FAST_MATH = YES;
				ONLY_ACTIVE_ARCH = YES;
				SDKROOT = iphoneos;
				SWIFT_ACTIVE_COMPILATION_CONDITIONS = DEBUG;
				SWIFT_OPTIMIZATION_LEVEL = "-Onone";
			};
			name = Debug;
		};
		BD44F0CB2A851D0A007CC197 /* Release */ = {
			isa = XCBuildConfiguration;
			buildSettings = {
				ALWAYS_SEARCH_USER_PATHS = NO;
				CLANG_ANALYZER_NONNULL = YES;
				CLANG_ANALYZER_NUMBER_OBJECT_CONVERSION = YES_AGGRESSIVE;
				CLANG_CXX_LANGUAGE_STANDARD = "gnu++20";
				CLANG_ENABLE_MODULES = YES;
				CLANG_ENABLE_OBJC_ARC = YES;
				CLANG_ENABLE_OBJC_WEAK = YES;
				CLANG_WARN_BLOCK_CAPTURE_AUTORELEASING = YES;
				CLANG_WARN_BOOL_CONVERSION = YES;
				CLANG_WARN_COMMA = YES;
				CLANG_WARN_CONSTANT_CONVERSION = YES;
				CLANG_WARN_DEPRECATED_OBJC_IMPLEMENTATIONS = YES;
				CLANG_WARN_DIRECT_OBJC_ISA_USAGE = YES_ERROR;
				CLANG_WARN_DOCUMENTATION_COMMENTS = YES;
				CLANG_WARN_EMPTY_BODY = YES;
				CLANG_WARN_ENUM_CONVERSION = YES;
				CLANG_WARN_INFINITE_RECURSION = YES;
				CLANG_WARN_INT_CONVERSION = YES;
				CLANG_WARN_NON_LITERAL_NULL_CONVERSION = YES;
				CLANG_WARN_OBJC_IMPLICIT_RETAIN_SELF = YES;
				CLANG_WARN_OBJC_LITERAL_CONVERSION = YES;
				CLANG_WARN_OBJC_ROOT_CLASS = YES_ERROR;
				CLANG_WARN_QUOTED_INCLUDE_IN_FRAMEWORK_HEADER = YES;
				CLANG_WARN_RANGE_LOOP_ANALYSIS = YES;
				CLANG_WARN_STRICT_PROTOTYPES = YES;
				CLANG_WARN_SUSPICIOUS_MOVE = YES;
				CLANG_WARN_UNGUARDED_AVAILABILITY = YES_AGGRESSIVE;
				CLANG_WARN_UNREACHABLE_CODE = YES;
				CLANG_WARN__DUPLICATE_METHOD_MATCH = YES;
				COPY_PHASE_STRIP = NO;
				DEBUG_INFORMATION_FORMAT = "dwarf-with-dsym";
				ENABLE_NS_ASSERTIONS = NO;
				ENABLE_STRICT_OBJC_MSGSEND = YES;
				GCC_C_LANGUAGE_STANDARD = gnu11;
				GCC_NO_COMMON_BLOCKS = YES;
				GCC_WARN_64_TO_32_BIT_CONVERSION = YES;
				GCC_WARN_ABOUT_RETURN_TYPE = YES_ERROR;
				GCC_WARN_UNDECLARED_SELECTOR = YES;
				GCC_WARN_UNINITIALIZED_AUTOS = YES_AGGRESSIVE;
				GCC_WARN_UNUSED_FUNCTION = YES;
				GCC_WARN_UNUSED_VARIABLE = YES;
				IPHONEOS_DEPLOYMENT_TARGET = 16.4;
				MTL_ENABLE_DEBUG_INFO = NO;
				MTL_FAST_MATH = YES;
				SDKROOT = iphoneos;
				SWIFT_COMPILATION_MODE = wholemodule;
				SWIFT_OPTIMIZATION_LEVEL = "-O";
				VALIDATE_PRODUCT = YES;
			};
			name = Release;
		};
		BD44F0CD2A851D0A007CC197 /* Debug */ = {
			isa = XCBuildConfiguration;
			buildSettings = {
				ASSETCATALOG_COMPILER_APPICON_NAME = AppIcon;
				ASSETCATALOG_COMPILER_GLOBAL_ACCENT_COLOR_NAME = AccentColor;
				CODE_SIGN_STYLE = Automatic;
				CURRENT_PROJECT_VERSION = 1;
				DEVELOPMENT_ASSET_PATHS = "\"Practice/Preview Content\"";
				ENABLE_PREVIEWS = YES;
				GENERATE_INFOPLIST_FILE = YES;
				INFOPLIST_KEY_UIApplicationSceneManifest_Generation = YES;
				INFOPLIST_KEY_UIApplicationSupportsIndirectInputEvents = YES;
				INFOPLIST_KEY_UILaunchScreen_Generation = YES;
				INFOPLIST_KEY_UISupportedInterfaceOrientations_iPad = "UIInterfaceOrientationPortrait UIInterfaceOrientationPortraitUpsideDown UIInterfaceOrientationLandscapeLeft UIInterfaceOrientationLandscapeRight";
				INFOPLIST_KEY_UISupportedInterfaceOrientations_iPhone = "UIInterfaceOrientationPortrait UIInterfaceOrientationLandscapeLeft UIInterfaceOrientationLandscapeRight";
				LD_RUNPATH_SEARCH_PATHS = (
					"$(inherited)",
					"@executable_path/Frameworks",
				);
				MARKETING_VERSION = 1.0;
				PRODUCT_BUNDLE_IDENTIFIER = kwk.Practice;
				PRODUCT_NAME = "$(TARGET_NAME)";
				SWIFT_EMIT_LOC_STRINGS = YES;
				SWIFT_VERSION = 5.0;
				TARGETED_DEVICE_FAMILY = "1,2";
			};
			name = Debug;
		};
		BD44F0CE2A851D0A007CC197 /* Release */ = {
			isa = XCBuildConfiguration;
			buildSettings = {
				ASSETCATALOG_COMPILER_APPICON_NAME = AppIcon;
				ASSETCATALOG_COMPILER_GLOBAL_ACCENT_COLOR_NAME = AccentColor;
				CODE_SIGN_STYLE = Automatic;
				CURRENT_PROJECT_VERSION = 1;
				DEVELOPMENT_ASSET_PATHS = "\"Practice/Preview Content\"";
				ENABLE_PREVIEWS = YES;
				GENERATE_INFOPLIST_FILE = YES;
				INFOPLIST_KEY_UIApplicationSceneManifest_Generation = YES;
				INFOPLIST_KEY_UIApplicationSupportsIndirectInputEvents = YES;
				INFOPLIST_KEY_UILaunchScreen_Generation = YES;
				INFOPLIST_KEY_UISupportedInterfaceOrientations_iPad = "UIInterfaceOrientationPortrait UIInterfaceOrientationPortraitUpsideDown UIInterfaceOrientationLandscapeLeft UIInterfaceOrientationLandscapeRight";
				INFOPLIST_KEY_UISupportedInterfaceOrientations_iPhone = "UIInterfaceOrientationPortrait UIInterfaceOrientationLandscapeLeft UIInterfaceOrientationLandscapeRight";
				LD_RUNPATH_SEARCH_PATHS = (
					"$(inherited)",
					"@executable_path/Frameworks",
				);
				MARKETING_VERSION = 1.0;
				PRODUCT_BUNDLE_IDENTIFIER = kwk.Practice;
				PRODUCT_NAME = "$(TARGET_NAME)";
				SWIFT_EMIT_LOC_STRINGS = YES;
				SWIFT_VERSION = 5.0;
				TARGETED_DEVICE_FAMILY = "1,2";
			};
			name = Release;
		};
		BD44F0D02A851D0A007CC197 /* Debug */ = {
			isa = XCBuildConfiguration;
			buildSettings = {
				ALWAYS_EMBED_SWIFT_STANDARD_LIBRARIES = YES;
				BUNDLE_LOADER = "$(TEST_HOST)";
				CODE_SIGN_STYLE = Automatic;
				CURRENT_PROJECT_VERSION = 1;
				GENERATE_INFOPLIST_FILE = YES;
				IPHONEOS_DEPLOYMENT_TARGET = 16.4;
				MARKETING_VERSION = 1.0;
				PRODUCT_BUNDLE_IDENTIFIER = kwk.PracticeTests;
				PRODUCT_NAME = "$(TARGET_NAME)";
				SWIFT_EMIT_LOC_STRINGS = NO;
				SWIFT_VERSION = 5.0;
				TARGETED_DEVICE_FAMILY = "1,2";
				TEST_HOST = "$(BUILT_PRODUCTS_DIR)/Practice.app/$(BUNDLE_EXECUTABLE_FOLDER_PATH)/Practice";
			};
			name = Debug;
		};
		BD44F0D12A851D0A007CC197 /* Release */ = {
			isa = XCBuildConfiguration;
			buildSettings = {
				ALWAYS_EMBED_SWIFT_STANDARD_LIBRARIES = YES;
				BUNDLE_LOADER = "$(TEST_HOST)";
				CODE_SIGN_STYLE = Automatic;
				CURRENT_PROJECT_VERSION = 1;
				GENERATE_INFOPLIST_FILE = YES;
				IPHONEOS_DEPLOYMENT_TARGET = 16.4;
				MARKETING_VERSION = 1.0;
				PRODUCT_BUNDLE_IDENTIFIER = kwk.PracticeTests;
				PRODUCT_NAME = "$(TARGET_NAME)";
				SWIFT_EMIT_LOC_STRINGS = NO;
				SWIFT_VERSION = 5.0;
				TARGETED_DEVICE_FAMILY = "1,2";
				TEST_HOST = "$(BUILT_PRODUCTS_DIR)/Practice.app/$(BUNDLE_EXECUTABLE_FOLDER_PATH)/Practice";
			};
			name = Release;
		};
		BD44F0D32A851D0A007CC197 /* Debug */ = {
			isa = XCBuildConfiguration;
			buildSettings = {
				ALWAYS_EMBED_SWIFT_STANDARD_LIBRARIES = YES;
				CODE_SIGN_STYLE = Automatic;
				CURRENT_PROJECT_VERSION = 1;
				GENERATE_INFOPLIST_FILE = YES;
				MARKETING_VERSION = 1.0;
				PRODUCT_BUNDLE_IDENTIFIER = kwk.PracticeUITests;
				PRODUCT_NAME = "$(TARGET_NAME)";
				SWIFT_EMIT_LOC_STRINGS = NO;
				SWIFT_VERSION = 5.0;
				TARGETED_DEVICE_FAMILY = "1,2";
				TEST_TARGET_NAME = Practice;
			};
			name = Debug;
		};
		BD44F0D42A851D0A007CC197 /* Release */ = {
			isa = XCBuildConfiguration;
			buildSettings = {
				ALWAYS_EMBED_SWIFT_STANDARD_LIBRARIES = YES;
				CODE_SIGN_STYLE = Automatic;
				CURRENT_PROJECT_VERSION = 1;
				GENERATE_INFOPLIST_FILE = YES;
				MARKETING_VERSION = 1.0;
				PRODUCT_BUNDLE_IDENTIFIER = kwk.PracticeUITests;
				PRODUCT_NAME = "$(TARGET_NAME)";
				SWIFT_EMIT_LOC_STRINGS = NO;
				SWIFT_VERSION = 5.0;
				TARGETED_DEVICE_FAMILY = "1,2";
				TEST_TARGET_NAME = Practice;
			};
			name = Release;
		};
/* End XCBuildConfiguration section */

/* Begin XCConfigurationList section */
		BD44F0A32A851D09007CC197 /* Build configuration list for PBXProject "Practice" */ = {
			isa = XCConfigurationList;
			buildConfigurations = (
				BD44F0CA2A851D0A007CC197 /* Debug */,
				BD44F0CB2A851D0A007CC197 /* Release */,
			);
			defaultConfigurationIsVisible = 0;
			defaultConfigurationName = Release;
		};
		BD44F0CC2A851D0A007CC197 /* Build configuration list for PBXNativeTarget "Practice" */ = {
			isa = XCConfigurationList;
			buildConfigurations = (
				BD44F0CD2A851D0A007CC197 /* Debug */,
				BD44F0CE2A851D0A007CC197 /* Release */,
			);
			defaultConfigurationIsVisible = 0;
			defaultConfigurationName = Release;
		};
		BD44F0CF2A851D0A007CC197 /* Build configuration list for PBXNativeTarget "PracticeTests" */ = {
			isa = XCConfigurationList;
			buildConfigurations = (
				BD44F0D02A851D0A007CC197 /* Debug */,
				BD44F0D12A851D0A007CC197 /* Release */,
			);
			defaultConfigurationIsVisible = 0;
			defaultConfigurationName = Release;
		};
		BD44F0D22A851D0A007CC197 /* Build configuration list for PBXNativeTarget "PracticeUITests" */ = {
			isa = XCConfigurationList;
			buildConfigurations = (
				BD44F0D32A851D0A007CC197 /* Debug */,
				BD44F0D42A851D0A007CC197 /* Release */,
			);
			defaultConfigurationIsVisible = 0;
			defaultConfigurationName = Release;
		};
/* End XCConfigurationList section */
	};
	rootObject = BD44F0A02A851D09007CC197 /* Project object */;
}
